{
  "originHash" : "deb626d45c5f65869fb22392c0be41e54e8a550b74749cdc45bc3edd8a7e1f1f",
  "pins" : [
    {
      "identity" : "tidemark",
      "kind" : "remoteSourceControl",
      "location" : "https://github.com/brentsimmons/Tidemark",
      "state" : {
        "revision" : "2a5cd8a715ad1145d36009f5d3f146704d3f7ec0",
        "version" : "1.0.1"
      }
    }
  ],
  "version" : 3
}
