{
  "originHash" : "e45dd8718a33240e9a7fc1b89ee24e76a6ac4519314d2db517f104b8c0a321e6",
  "pins" : [
    {
      "identity" : "tidemark",
      "kind" : "remoteSourceControl",
      "location" : "https://github.com/brentsimmons/Tidemark",
      "state" : {
        "revision" : "2a5cd8a715ad1145d36009f5d3f146704d3f7ec0",
        "version" : "1.0.1"
      }
    }
  ],
  "version" : 3
}
